
Microsoft Visual Studio Solution File, Format Version 12.00
# Visual Studio Version 17
VisualStudioVersion = 17.9.34701.34
MinimumVisualStudioVersion = 10.0.40219.1
Project("{FAE04EC0-301F-11D3-BF4B-00C04F79EFBC}") = "Test_!", "Test_!.csproj", "{035D0749-D531-44E9-9B77-F2DA579E597A}"
EndProject
Global
	GlobalSection(SolutionConfigurationPlatforms) = preSolution
		Debug|Any CPU = Debug|Any CPU
		Release|Any CPU = Release|Any CPU
	EndGlobalSection
	GlobalSection(ProjectConfigurationPlatforms) = postSolution
		{035D0749-D531-44E9-9B77-F2DA579E597A}.Debug|Any CPU.ActiveCfg = Debug|Any CPU
		{035D0749-D531-44E9-9B77-F2DA579E597A}.Debug|Any CPU.Build.0 = Debug|Any CPU
		{035D0749-D531-44E9-9B77-F2DA579E597A}.Release|Any CPU.ActiveCfg = Release|Any CPU
		{035D0749-D531-44E9-9B77-F2DA579E597A}.Release|Any CPU.Build.0 = Release|Any CPU
	EndGlobalSection
	GlobalSection(SolutionProperties) = preSolution
		HideSolutionNode = FALSE
	EndGlobalSection
	GlobalSection(ExtensibilityGlobals) = postSolution
		SolutionGuid = {43C601D8-E260-4CB4-9F02-B373ECC20BAA}
	EndGlobalSection
EndGlobal
